
Microsoft Visual Studio Solution File, Format Version 12.00
# Visual Studio 15
VisualStudioVersion = 15.0.27130.2024
MinimumVisualStudioVersion = 10.0.40219.1
Project("{8BC9CEB8-8B4A-11D0-8D11-00A0C91BC942}") = "LineIntegralCalculator", "LineIntegralCalculator\LineIntegralCalculator.vcxproj", "{9025D65E-1491-4739-ACBB-463E7EE72DEE}"
EndProject
Global
	GlobalSection(SolutionConfigurationPlatforms) = preSolution
		Debug|x64 = Debug|x64
		Debug|x86 = Debug|x86
		Release|x64 = Release|x64
		Release|x86 = Release|x86
	EndGlobalSection
	GlobalSection(ProjectConfigurationPlatforms) = postSolution
		{9025D65E-1491-4739-ACBB-463E7EE72DEE}.Debug|x64.ActiveCfg = Debug|x64
		{9025D65E-1491-4739-ACBB-463E7EE72DEE}.Debug|x64.Build.0 = Debug|x64
		{9025D65E-1491-4739-ACBB-463E7EE72DEE}.Debug|x86.ActiveCfg = Debug|Win32
		{9025D65E-1491-4739-ACBB-463E7EE72DEE}.Debug|x86.Build.0 = Debug|Win32
		{9025D65E-1491-4739-ACBB-463E7EE72DEE}.Release|x64.ActiveCfg = Release|x64
		{9025D65E-1491-4739-ACBB-463E7EE72DEE}.Release|x64.Build.0 = Release|x64
		{9025D65E-1491-4739-ACBB-463E7EE72DEE}.Release|x86.ActiveCfg = Release|Win32
		{9025D65E-1491-4739-ACBB-463E7EE72DEE}.Release|x86.Build.0 = Release|Win32
	EndGlobalSection
	GlobalSection(SolutionProperties) = preSolution
		HideSolutionNode = FALSE
	EndGlobalSection
	GlobalSection(ExtensibilityGlobals) = postSolution
		SolutionGuid = {3B7C0C4C-B155-48A4-B88E-4A13D410DD8F}
	EndGlobalSection
EndGlobal
